
Microsoft Visual Studio Solution File, Format Version 12.00
# Visual Studio Version 17
VisualStudioVersion = 17.0.31903.59
MinimumVisualStudioVersion = 10.0.40219.1
Project("{2150E333-8FDC-42A3-9474-1A3956D46DE8}") = "Infrastructure", "Infrastructure", "{02EA681E-C7D8-13C7-8484-4AC65E1B71E8}"
EndProject
Project("{2150E333-8FDC-42A3-9474-1A3956D46DE8}") = "DTOs", "DTOs", "{720193ED-4999-4AC5-87C5-DF098A88CDF7}"
EndProject
Project("{2150E333-8FDC-42A3-9474-1A3956D46DE8}") = "Services", "Services", "{65BA8B2F-C128-4D8B-A376-54DF670080A6}"
EndProject
Project("{FAE04EC0-301F-11D3-BF4B-00C04F79EFBC}") = "API.Implementations", "API.Services\Implementations\API.Implementations.csproj", "{F3FE3A5D-6A21-E1E3-5C2A-BB5A9EF06E5C}"
EndProject
Project("{FAE04EC0-301F-11D3-BF4B-00C04F79EFBC}") = "API.Interfaces", "API.Services\Interfaces\API.Interfaces.csproj", "{A418EF35-21EF-42DE-4B61-743DED064E26}"
EndProject
Project("{FAE04EC0-301F-11D3-BF4B-00C04F79EFBC}") = "API.Logging", "API.Infrastructure\Logging\API.Logging.csproj", "{FEFEFEC5-814D-C799-B1AA-9463E755E672}"
EndProject
Project("{FAE04EC0-301F-11D3-BF4B-00C04F79EFBC}") = "API.Validadors", "API.Services\Validadors\API.Validadors.csproj", "{88B21985-FD98-DB33-99D4-0458EE79B121}"
EndProject
Project("{FAE04EC0-301F-11D3-BF4B-00C04F79EFBC}") = "API.DTOs", "API.DTOs\API.DTOs.csproj", "{9BF957FE-493A-9EA7-3461-73C5DBEFC8D7}"
EndProject
Project("{FAE04EC0-301F-11D3-BF4B-00C04F79EFBC}") = "API.Control", "API.Control\API.Control.csproj", "{274B9DF5-7FE5-AE1E-9481-12ADB555EDAA}"
EndProject
Project("{FAE04EC0-301F-11D3-BF4B-00C04F79EFBC}") = "DCM.Core", "API.Core\DCM.Core.csproj", "{0C134EA4-978C-F7F2-69C4-1CEA210AE239}"
EndProject
Project("{FAE04EC0-301F-11D3-BF4B-00C04F79EFBC}") = "DCM.Auth", "DCM.Auth\DCM.Auth.csproj", "{C3F13E8A-470D-4574-8FD3-CFAF5FC4BEBF}"
EndProject
Project("{FAE04EC0-301F-11D3-BF4B-00C04F79EFBC}") = "DCM.Infrastructure.Data", "API.Infrastructure\DCM.Infrastructure.Data\DCM.Infrastructure.Data.csproj", "{BA76226C-B836-4281-AED6-BB560949579D}"
EndProject
Project("{FAE04EC0-301F-11D3-BF4B-00C04F79EFBC}") = "API.Validators", "API.Validators\API.Validators.csproj", "{6969AD39-5318-447D-BA36-306F66BFEECF}"
EndProject
Global
	GlobalSection(SolutionConfigurationPlatforms) = preSolution
		Debug|Any CPU = Debug|Any CPU
		Release|Any CPU = Release|Any CPU
	EndGlobalSection
	GlobalSection(ProjectConfigurationPlatforms) = postSolution
		{F3FE3A5D-6A21-E1E3-5C2A-BB5A9EF06E5C}.Debug|Any CPU.ActiveCfg = Debug|Any CPU
		{F3FE3A5D-6A21-E1E3-5C2A-BB5A9EF06E5C}.Debug|Any CPU.Build.0 = Debug|Any CPU
		{F3FE3A5D-6A21-E1E3-5C2A-BB5A9EF06E5C}.Release|Any CPU.ActiveCfg = Release|Any CPU
		{F3FE3A5D-6A21-E1E3-5C2A-BB5A9EF06E5C}.Release|Any CPU.Build.0 = Release|Any CPU
		{A418EF35-21EF-42DE-4B61-743DED064E26}.Debug|Any CPU.ActiveCfg = Debug|Any CPU
		{A418EF35-21EF-42DE-4B61-743DED064E26}.Debug|Any CPU.Build.0 = Debug|Any CPU
		{A418EF35-21EF-42DE-4B61-743DED064E26}.Release|Any CPU.ActiveCfg = Release|Any CPU
		{A418EF35-21EF-42DE-4B61-743DED064E26}.Release|Any CPU.Build.0 = Release|Any CPU
		{FEFEFEC5-814D-C799-B1AA-9463E755E672}.Debug|Any CPU.ActiveCfg = Debug|Any CPU
		{FEFEFEC5-814D-C799-B1AA-9463E755E672}.Debug|Any CPU.Build.0 = Debug|Any CPU
		{FEFEFEC5-814D-C799-B1AA-9463E755E672}.Release|Any CPU.ActiveCfg = Release|Any CPU
		{FEFEFEC5-814D-C799-B1AA-9463E755E672}.Release|Any CPU.Build.0 = Release|Any CPU
		{88B21985-FD98-DB33-99D4-0458EE79B121}.Debug|Any CPU.ActiveCfg = Debug|Any CPU
		{88B21985-FD98-DB33-99D4-0458EE79B121}.Debug|Any CPU.Build.0 = Debug|Any CPU
		{88B21985-FD98-DB33-99D4-0458EE79B121}.Release|Any CPU.ActiveCfg = Release|Any CPU
		{88B21985-FD98-DB33-99D4-0458EE79B121}.Release|Any CPU.Build.0 = Release|Any CPU
		{9BF957FE-493A-9EA7-3461-73C5DBEFC8D7}.Debug|Any CPU.ActiveCfg = Debug|Any CPU
		{9BF957FE-493A-9EA7-3461-73C5DBEFC8D7}.Debug|Any CPU.Build.0 = Debug|Any CPU
		{9BF957FE-493A-9EA7-3461-73C5DBEFC8D7}.Release|Any CPU.ActiveCfg = Release|Any CPU
		{9BF957FE-493A-9EA7-3461-73C5DBEFC8D7}.Release|Any CPU.Build.0 = Release|Any CPU
		{274B9DF5-7FE5-AE1E-9481-12ADB555EDAA}.Debug|Any CPU.ActiveCfg = Debug|Any CPU
		{274B9DF5-7FE5-AE1E-9481-12ADB555EDAA}.Debug|Any CPU.Build.0 = Debug|Any CPU
		{274B9DF5-7FE5-AE1E-9481-12ADB555EDAA}.Release|Any CPU.ActiveCfg = Release|Any CPU
		{274B9DF5-7FE5-AE1E-9481-12ADB555EDAA}.Release|Any CPU.Build.0 = Release|Any CPU
		{0C134EA4-978C-F7F2-69C4-1CEA210AE239}.Debug|Any CPU.ActiveCfg = Debug|Any CPU
		{0C134EA4-978C-F7F2-69C4-1CEA210AE239}.Debug|Any CPU.Build.0 = Debug|Any CPU
		{0C134EA4-978C-F7F2-69C4-1CEA210AE239}.Release|Any CPU.ActiveCfg = Release|Any CPU
		{0C134EA4-978C-F7F2-69C4-1CEA210AE239}.Release|Any CPU.Build.0 = Release|Any CPU
		{C3F13E8A-470D-4574-8FD3-CFAF5FC4BEBF}.Debug|Any CPU.ActiveCfg = Debug|Any CPU
		{C3F13E8A-470D-4574-8FD3-CFAF5FC4BEBF}.Debug|Any CPU.Build.0 = Debug|Any CPU
		{C3F13E8A-470D-4574-8FD3-CFAF5FC4BEBF}.Release|Any CPU.ActiveCfg = Release|Any CPU
		{C3F13E8A-470D-4574-8FD3-CFAF5FC4BEBF}.Release|Any CPU.Build.0 = Release|Any CPU
		{BA76226C-B836-4281-AED6-BB560949579D}.Debug|Any CPU.ActiveCfg = Debug|Any CPU
		{BA76226C-B836-4281-AED6-BB560949579D}.Debug|Any CPU.Build.0 = Debug|Any CPU
		{BA76226C-B836-4281-AED6-BB560949579D}.Release|Any CPU.ActiveCfg = Release|Any CPU
		{BA76226C-B836-4281-AED6-BB560949579D}.Release|Any CPU.Build.0 = Release|Any CPU
		{6969AD39-5318-447D-BA36-306F66BFEECF}.Debug|Any CPU.ActiveCfg = Debug|Any CPU
		{6969AD39-5318-447D-BA36-306F66BFEECF}.Debug|Any CPU.Build.0 = Debug|Any CPU
		{6969AD39-5318-447D-BA36-306F66BFEECF}.Release|Any CPU.ActiveCfg = Release|Any CPU
		{6969AD39-5318-447D-BA36-306F66BFEECF}.Release|Any CPU.Build.0 = Release|Any CPU
	EndGlobalSection
	GlobalSection(SolutionProperties) = preSolution
		HideSolutionNode = FALSE
	EndGlobalSection
	GlobalSection(NestedProjects) = preSolution
		{F3FE3A5D-6A21-E1E3-5C2A-BB5A9EF06E5C} = {65BA8B2F-C128-4D8B-A376-54DF670080A6}
		{A418EF35-21EF-42DE-4B61-743DED064E26} = {65BA8B2F-C128-4D8B-A376-54DF670080A6}
		{FEFEFEC5-814D-C799-B1AA-9463E755E672} = {02EA681E-C7D8-13C7-8484-4AC65E1B71E8}
		{88B21985-FD98-DB33-99D4-0458EE79B121} = {65BA8B2F-C128-4D8B-A376-54DF670080A6}
		{9BF957FE-493A-9EA7-3461-73C5DBEFC8D7} = {720193ED-4999-4AC5-87C5-DF098A88CDF7}
		{BA76226C-B836-4281-AED6-BB560949579D} = {02EA681E-C7D8-13C7-8484-4AC65E1B71E8}
	EndGlobalSection
	GlobalSection(ExtensibilityGlobals) = postSolution
		SolutionGuid = {CCCD9AF0-BE6A-4A2A-99BF-EDE71ADEF9C6}
	EndGlobalSection
EndGlobal
