Microsoft Visual Studio Solution File, Format Version 12.00
# Visual Studio Version 17
VisualStudioVersion = 17.5.2.0
MinimumVisualStudioVersion = 10.0.40219.1
Project("{FAE04EC0-301F-11D3-BF4B-00C04F79EFBC}") = "API.Control", "API.Control.csproj", "{B39B2DF5-7BDB-1CB8-8783-0ABD8D56ACCF}"
EndProject
Global
	GlobalSection(SolutionConfigurationPlatforms) = preSolution
		Debug|Any CPU = Debug|Any CPU
		Release|Any CPU = Release|Any CPU
	EndGlobalSection
	GlobalSection(ProjectConfigurationPlatforms) = postSolution
		{B39B2DF5-7BDB-1CB8-8783-0ABD8D56ACCF}.Debug|Any CPU.ActiveCfg = Debug|Any CPU
		{B39B2DF5-7BDB-1CB8-8783-0ABD8D56ACCF}.Debug|Any CPU.Build.0 = Debug|Any CPU
		{B39B2DF5-7BDB-1CB8-8783-0ABD8D56ACCF}.Release|Any CPU.ActiveCfg = Release|Any CPU
		{B39B2DF5-7BDB-1CB8-8783-0ABD8D56ACCF}.Release|Any CPU.Build.0 = Release|Any CPU
	EndGlobalSection
	GlobalSection(SolutionProperties) = preSolution
		HideSolutionNode = FALSE
	EndGlobalSection
	GlobalSection(ExtensibilityGlobals) = postSolution
		SolutionGuid = {6F956187-0C1B-4B0D-96BD-9B20170B2ECE}
	EndGlobalSection
EndGlobal
